{
  "name": "portal-tendero",
  "version": "2.0.0",
  "lockfileVersion": 2,
  "requires": true,
  "packages": {
    "": {
      "name": "portal-tendero",
      "version": "2.0.0",
      "dependencies": {
        "electron-prompt": "1.7.0",
        "getmac": "5.20.0"
      }
    },
    "node_modules/@types/node": {
      "version": "16.18.10",
      "resolved": "https://registry.npmjs.org/@types/node/-/node-16.18.10.tgz",
      "integrity": "sha512-XU1+v7h81p7145ddPfjv7jtWvkSilpcnON3mQ+bDi9Yuf7OI56efOglXRyXWgQ57xH3fEQgh7WOJMncRHVew5w=="
    },
    "node_modules/electron-prompt": {
      "version": "1.7.0",
      "resolved": "https://registry.npmjs.org/electron-prompt/-/electron-prompt-1.7.0.tgz",
      "integrity": "sha512-IfqJYEgcRO6NuyPROo8AtdkAiZ6N9I1lQEf4dJAkPuhV5YgOHdmLqZJf6OXumZJfzrjpzCM5jHeYOrhGdgbnEA=="
    },
    "node_modules/getmac": {
      "version": "5.20.0",
      "resolved": "https://registry.npmjs.org/getmac/-/getmac-5.20.0.tgz",
      "integrity": "sha512-O9T855fb+Hx9dsTJHNv72ZUuA6Y18+BO/0ypPXf6s/tunzXqhc3kbQkNAl+9HVKVlwkWmglHS4LMoJ9YbymKYQ==",
      "dependencies": {
        "@types/node": "^16.4.7"
      },
      "engines": {
        "node": ">=10"
      },
      "funding": {
        "url": "https://bevry.me/fund"
      }
    }
  },
  "dependencies": {
    "@types/node": {
      "version": "16.18.10",
      "resolved": "https://registry.npmjs.org/@types/node/-/node-16.18.10.tgz",
      "integrity": "sha512-XU1+v7h81p7145ddPfjv7jtWvkSilpcnON3mQ+bDi9Yuf7OI56efOglXRyXWgQ57xH3fEQgh7WOJMncRHVew5w=="
    },
    "electron-prompt": {
      "version": "1.7.0",
      "resolved": "https://registry.npmjs.org/electron-prompt/-/electron-prompt-1.7.0.tgz",
      "integrity": "sha512-IfqJYEgcRO6NuyPROo8AtdkAiZ6N9I1lQEf4dJAkPuhV5YgOHdmLqZJf6OXumZJfzrjpzCM5jHeYOrhGdgbnEA=="
    },
    "getmac": {
      "version": "5.20.0",
      "resolved": "https://registry.npmjs.org/getmac/-/getmac-5.20.0.tgz",
      "integrity": "sha512-O9T855fb+Hx9dsTJHNv72ZUuA6Y18+BO/0ypPXf6s/tunzXqhc3kbQkNAl+9HVKVlwkWmglHS4LMoJ9YbymKYQ==",
      "requires": {
        "@types/node": "^16.4.7"
      }
    }
  }
}
